
Microsoft Visual Studio Solution File, Format Version 12.00
# Visual Studio Version 16
VisualStudioVersion = 16.0.30104.148
MinimumVisualStudioVersion = 10.0.40219.1
Project("{FAE04EC0-301F-11D3-BF4B-00C04F79EFBC}") = "inclassdemo", "inclassdemo\inclassdemo.csproj", "{D6D3C250-A677-4925-8833-B2C2004EEFE1}"
EndProject
Project("{FAE04EC0-301F-11D3-BF4B-00C04F79EFBC}") = "GameClasses", "studentLib\GameClasses.csproj", "{C3D2444E-2B52-4B75-B4FF-0DBE325B2F82}"
EndProject
Global
	GlobalSection(SolutionConfigurationPlatforms) = preSolution
		Debug|Any CPU = Debug|Any CPU
		Release|Any CPU = Release|Any CPU
	EndGlobalSection
	GlobalSection(ProjectConfigurationPlatforms) = postSolution
		{D6D3C250-A677-4925-8833-B2C2004EEFE1}.Debug|Any CPU.ActiveCfg = Debug|Any CPU
		{D6D3C250-A677-4925-8833-B2C2004EEFE1}.Debug|Any CPU.Build.0 = Debug|Any CPU
		{D6D3C250-A677-4925-8833-B2C2004EEFE1}.Release|Any CPU.ActiveCfg = Release|Any CPU
		{D6D3C250-A677-4925-8833-B2C2004EEFE1}.Release|Any CPU.Build.0 = Release|Any CPU
		{C3D2444E-2B52-4B75-B4FF-0DBE325B2F82}.Debug|Any CPU.ActiveCfg = Debug|Any CPU
		{C3D2444E-2B52-4B75-B4FF-0DBE325B2F82}.Debug|Any CPU.Build.0 = Debug|Any CPU
		{C3D2444E-2B52-4B75-B4FF-0DBE325B2F82}.Release|Any CPU.ActiveCfg = Release|Any CPU
		{C3D2444E-2B52-4B75-B4FF-0DBE325B2F82}.Release|Any CPU.Build.0 = Release|Any CPU
	EndGlobalSection
	GlobalSection(SolutionProperties) = preSolution
		HideSolutionNode = FALSE
	EndGlobalSection
	GlobalSection(ExtensibilityGlobals) = postSolution
		SolutionGuid = {3036758A-C6D9-4B62-9D18-40A3C61502CA}
	EndGlobalSection
EndGlobal
